// !$*UTF8*$!
{
	archiveVersion = 1;
	classes = {
	};
	objectVersion = 55;
	objects = {

/* Begin PBXBuildFile section */
		7035FBC028C620C6005C7C9A /* AppDelegate.mm in Sources */ = {isa = PBXBuildFile; fileRef = 7035FBBF28C620C6005C7C9A /* AppDelegate.mm */; };
		7035FBC328C620C6005C7C9A /* SceneDelegate.m in Sources */ = {isa = PBXBuildFile; fileRef = 7035FBC228C620C6005C7C9A /* SceneDelegate.m */; };
		7035FBC628C620C6005C7C9A /* ViewController.m in Sources */ = {isa = PBXBuildFile; fileRef = 7035FBC528C620C6005C7C9A /* ViewController.m */; };
		7035FBC928C620C6005C7C9A /* Main.storyboard in Resources */ = {isa = PBXBuildFile; fileRef = 7035FBC728C620C6005C7C9A /* Main.storyboard */; };
		7035FBCB28C620C8005C7C9A /* Assets.xcassets in Resources */ = {isa = PBXBuildFile; fileRef = 7035FBCA28C620C8005C7C9A /* Assets.xcassets */; };
		7035FBCE28C620C8005C7C9A /* LaunchScreen.storyboard in Resources */ = {isa = PBXBuildFile; fileRef = 7035FBCC28C620C8005C7C9A /* LaunchScreen.storyboard */; };
		7035FBD128C620C8005C7C9A /* main.m in Sources */ = {isa = PBXBuildFile; fileRef = 7035FBD028C620C8005C7C9A /* main.m */; };
		7035FBDB28C620C8005C7C9A /* DemoTests.m in Sources */ = {isa = PBXBuildFile; fileRef = 7035FBDA28C620C8005C7C9A /* DemoTests.m */; };
		7035FBE528C620C8005C7C9A /* DemoUITests.m in Sources */ = {isa = PBXBuildFile; fileRef = 7035FBE428C620C8005C7C9A /* DemoUITests.m */; };
		7035FBE728C620C8005C7C9A /* DemoUITestsLaunchTests.m in Sources */ = {isa = PBXBuildFile; fileRef = 7035FBE628C620C8005C7C9A /* DemoUITestsLaunchTests.m */; };
/* End PBXBuildFile section */

/* Begin PBXContainerItemProxy section */
		7035FBD728C620C8005C7C9A /* PBXContainerItemProxy */ = {
			isa = PBXContainerItemProxy;
			containerPortal = 7035FBB328C620C6005C7C9A /* Project object */;
			proxyType = 1;
			remoteGlobalIDString = 7035FBBA28C620C6005C7C9A;
			remoteInfo = Demo;
		};
		7035FBE128C620C8005C7C9A /* PBXContainerItemProxy */ = {
			isa = PBXContainerItemProxy;
			containerPortal = 7035FBB328C620C6005C7C9A /* Project object */;
			proxyType = 1;
			remoteGlobalIDString = 7035FBBA28C620C6005C7C9A;
			remoteInfo = Demo;
		};
/* End PBXContainerItemProxy section */

/* Begin PBXFileReference section */
		7035FBBB28C620C6005C7C9A /* Demo.app */ = {isa = PBXFileReference; explicitFileType = wrapper.application; includeInIndex = 0; path = Demo.app; sourceTree = BUILT_PRODUCTS_DIR; };
		7035FBBE28C620C6005C7C9A /* AppDelegate.h */ = {isa = PBXFileReference; lastKnownFileType = sourcecode.c.h; path = AppDelegate.h; sourceTree = "<group>"; };
		7035FBBF28C620C6005C7C9A /* AppDelegate.mm */ = {isa = PBXFileReference; lastKnownFileType = sourcecode.cpp.objcpp; path = AppDelegate.mm; sourceTree = "<group>"; };
		7035FBC128C620C6005C7C9A /* SceneDelegate.h */ = {isa = PBXFileReference; lastKnownFileType = sourcecode.c.h; path = SceneDelegate.h; sourceTree = "<group>"; };
		7035FBC228C620C6005C7C9A /* SceneDelegate.m */ = {isa = PBXFileReference; lastKnownFileType = sourcecode.c.objc; path = SceneDelegate.m; sourceTree = "<group>"; };
		7035FBC428C620C6005C7C9A /* ViewController.h */ = {isa = PBXFileReference; lastKnownFileType = sourcecode.c.h; path = ViewController.h; sourceTree = "<group>"; };
		7035FBC528C620C6005C7C9A /* ViewController.m */ = {isa = PBXFileReference; lastKnownFileType = sourcecode.c.objc; path = ViewController.m; sourceTree = "<group>"; };
		7035FBC828C620C6005C7C9A /* Base */ = {isa = PBXFileReference; lastKnownFileType = file.storyboard; name = Base; path = Base.lproj/Main.storyboard; sourceTree = "<group>"; };
		7035FBCA28C620C8005C7C9A /* Assets.xcassets */ = {isa = PBXFileReference; lastKnownFileType = folder.assetcatalog; path = Assets.xcassets; sourceTree = "<group>"; };
		7035FBCD28C620C8005C7C9A /* Base */ = {isa = PBXFileReference; lastKnownFileType = file.storyboard; name = Base; path = Base.lproj/LaunchScreen.storyboard; sourceTree = "<group>"; };
		7035FBCF28C620C8005C7C9A /* Info.plist */ = {isa = PBXFileReference; lastKnownFileType = text.plist.xml; path = Info.plist; sourceTree = "<group>"; };
		7035FBD028C620C8005C7C9A /* main.m */ = {isa = PBXFileReference; lastKnownFileType = sourcecode.c.objc; path = main.m; sourceTree = "<group>"; };
		7035FBD628C620C8005C7C9A /* DemoTests.xctest */ = {isa = PBXFileReference; explicitFileType = wrapper.cfbundle; includeInIndex = 0; path = DemoTests.xctest; sourceTree = BUILT_PRODUCTS_DIR; };
		7035FBDA28C620C8005C7C9A /* DemoTests.m */ = {isa = PBXFileReference; lastKnownFileType = sourcecode.c.objc; path = DemoTests.m; sourceTree = "<group>"; };
		7035FBE028C620C8005C7C9A /* DemoUITests.xctest */ = {isa = PBXFileReference; explicitFileType = wrapper.cfbundle; includeInIndex = 0; path = DemoUITests.xctest; sourceTree = BUILT_PRODUCTS_DIR; };
		7035FBE428C620C8005C7C9A /* DemoUITests.m */ = {isa = PBXFileReference; lastKnownFileType = sourcecode.c.objc; path = DemoUITests.m; sourceTree = "<group>"; };
		7035FBE628C620C8005C7C9A /* DemoUITestsLaunchTests.m */ = {isa = PBXFileReference; lastKnownFileType = sourcecode.c.objc; path = DemoUITestsLaunchTests.m; sourceTree = "<group>"; };
/* End PBXFileReference section */

/* Begin PBXFrameworksBuildPhase section */
		7035FBB828C620C6005C7C9A /* Frameworks */ = {
			isa = PBXFrameworksBuildPhase;
			buildActionMask = 2147483647;
			files = (
			);
			runOnlyForDeploymentPostprocessing = 0;
		};
		7035FBD328C620C8005C7C9A /* Frameworks */ = {
			isa = PBXFrameworksBuildPhase;
			buildActionMask = 2147483647;
			files = (
			);
			runOnlyForDeploymentPostprocessing = 0;
		};
		7035FBDD28C620C8005C7C9A /* Frameworks */ = {
			isa = PBXFrameworksBuildPhase;
			buildActionMask = 2147483647;
			files = (
			);
			runOnlyForDeploymentPostprocessing = 0;
		};
/* End PBXFrameworksBuildPhase section */

/* Begin PBXGroup section */
		7035FBB228C620C6005C7C9A = {
			isa = PBXGroup;
			children = (
				7035FBBD28C620C6005C7C9A /* Demo */,
				7035FBD928C620C8005C7C9A /* DemoTests */,
				7035FBE328C620C8005C7C9A /* DemoUITests */,
				7035FBBC28C620C6005C7C9A /* Products */,
			);
			sourceTree = "<group>";
		};
		7035FBBC28C620C6005C7C9A /* Products */ = {
			isa = PBXGroup;
			children = (
				7035FBBB28C620C6005C7C9A /* Demo.app */,
				7035FBD628C620C8005C7C9A /* DemoTests.xctest */,
				7035FBE028C620C8005C7C9A /* DemoUITests.xctest */,
			);
			name = Products;
			sourceTree = "<group>";
		};
		7035FBBD28C620C6005C7C9A /* Demo */ = {
			isa = PBXGroup;
			children = (
				7035FBBE28C620C6005C7C9A /* AppDelegate.h */,
				7035FBBF28C620C6005C7C9A /* AppDelegate.mm */,
				7035FBC128C620C6005C7C9A /* SceneDelegate.h */,
				7035FBC228C620C6005C7C9A /* SceneDelegate.m */,
				7035FBC428C620C6005C7C9A /* ViewController.h */,
				7035FBC528C620C6005C7C9A /* ViewController.m */,
				7035FBC728C620C6005C7C9A /* Main.storyboard */,
				7035FBCA28C620C8005C7C9A /* Assets.xcassets */,
				7035FBCC28C620C8005C7C9A /* LaunchScreen.storyboard */,
				7035FBCF28C620C8005C7C9A /* Info.plist */,
				7035FBD028C620C8005C7C9A /* main.m */,
			);
			path = Demo;
			sourceTree = "<group>";
		};
		7035FBD928C620C8005C7C9A /* DemoTests */ = {
			isa = PBXGroup;
			children = (
				7035FBDA28C620C8005C7C9A /* DemoTests.m */,
			);
			path = DemoTests;
			sourceTree = "<group>";
		};
		7035FBE328C620C8005C7C9A /* DemoUITests */ = {
			isa = PBXGroup;
			children = (
				7035FBE428C620C8005C7C9A /* DemoUITests.m */,
				7035FBE628C620C8005C7C9A /* DemoUITestsLaunchTests.m */,
			);
			path = DemoUITests;
			sourceTree = "<group>";
		};
/* End PBXGroup section */

/* Begin PBXNativeTarget section */
		7035FBBA28C620C6005C7C9A /* Demo */ = {
			isa = PBXNativeTarget;
			buildConfigurationList = 7035FBEA28C620C8005C7C9A /* Build configuration list for PBXNativeTarget "Demo" */;
			buildPhases = (
				7035FBB728C620C6005C7C9A /* Sources */,
				7035FBB828C620C6005C7C9A /* Frameworks */,
				7035FBB928C620C6005C7C9A /* Resources */,
			);
			buildRules = (
			);
			dependencies = (
			);
			name = Demo;
			productName = Demo;
			productReference = 7035FBBB28C620C6005C7C9A /* Demo.app */;
			productType = "com.apple.product-type.application";
		};
		7035FBD528C620C8005C7C9A /* DemoTests */ = {
			isa = PBXNativeTarget;
			buildConfigurationList = 7035FBED28C620C8005C7C9A /* Build configuration list for PBXNativeTarget "DemoTests" */;
			buildPhases = (
				7035FBD228C620C8005C7C9A /* Sources */,
				7035FBD328C620C8005C7C9A /* Frameworks */,
				7035FBD428C620C8005C7C9A /* Resources */,
			);
			buildRules = (
			);
			dependencies = (
				7035FBD828C620C8005C7C9A /* PBXTargetDependency */,
			);
			name = DemoTests;
			productName = DemoTests;
			productReference = 7035FBD628C620C8005C7C9A /* DemoTests.xctest */;
			productType = "com.apple.product-type.bundle.unit-test";
		};
		7035FBDF28C620C8005C7C9A /* DemoUITests */ = {
			isa = PBXNativeTarget;
			buildConfigurationList = 7035FBF028C620C8005C7C9A /* Build configuration list for PBXNativeTarget "DemoUITests" */;
			buildPhases = (
				7035FBDC28C620C8005C7C9A /* Sources */,
				7035FBDD28C620C8005C7C9A /* Frameworks */,
				7035FBDE28C620C8005C7C9A /* Resources */,
			);
			buildRules = (
			);
			dependencies = (
				7035FBE228C620C8005C7C9A /* PBXTargetDependency */,
			);
			name = DemoUITests;
			productName = DemoUITests;
			productReference = 7035FBE028C620C8005C7C9A /* DemoUITests.xctest */;
			productType = "com.apple.product-type.bundle.ui-testing";
		};
/* End PBXNativeTarget section */

/* Begin PBXProject section */
		7035FBB328C620C6005C7C9A /* Project object */ = {
			isa = PBXProject;
			attributes = {
				BuildIndependentTargetsInParallel = 1;
				LastUpgradeCheck = 1340;
				TargetAttributes = {
					7035FBBA28C620C6005C7C9A = {
						CreatedOnToolsVersion = 13.4;
					};
					7035FBD528C620C8005C7C9A = {
						CreatedOnToolsVersion = 13.4;
						TestTargetID = 7035FBBA28C620C6005C7C9A;
					};
					7035FBDF28C620C8005C7C9A = {
						CreatedOnToolsVersion = 13.4;
						TestTargetID = 7035FBBA28C620C6005C7C9A;
					};
				};
			};
			buildConfigurationList = 7035FBB628C620C6005C7C9A /* Build configuration list for PBXProject "Demo" */;
			compatibilityVersion = "Xcode 13.0";
			developmentRegion = en;
			hasScannedForEncodings = 0;
			knownRegions = (
				en,
				Base,
			);
			mainGroup = 7035FBB228C620C6005C7C9A;
			productRefGroup = 7035FBBC28C620C6005C7C9A /* Products */;
			projectDirPath = "";
			projectRoot = "";
			targets = (
				7035FBBA28C620C6005C7C9A /* Demo */,
				7035FBD528C620C8005C7C9A /* DemoTests */,
				7035FBDF28C620C8005C7C9A /* DemoUITests */,
			);
		};
/* End PBXProject section */

/* Begin PBXResourcesBuildPhase section */
		7035FBB928C620C6005C7C9A /* Resources */ = {
			isa = PBXResourcesBuildPhase;
			buildActionMask = 2147483647;
			files = (
				7035FBCE28C620C8005C7C9A /* LaunchScreen.storyboard in Resources */,
				7035FBCB28C620C8005C7C9A /* Assets.xcassets in Resources */,
				7035FBC928C620C6005C7C9A /* Main.storyboard in Resources */,
			);
			runOnlyForDeploymentPostprocessing = 0;
		};
		7035FBD428C620C8005C7C9A /* Resources */ = {
			isa = PBXResourcesBuildPhase;
			buildActionMask = 2147483647;
			files = (
			);
			runOnlyForDeploymentPostprocessing = 0;
		};
		7035FBDE28C620C8005C7C9A /* Resources */ = {
			isa = PBXResourcesBuildPhase;
			buildActionMask = 2147483647;
			files = (
			);
			runOnlyForDeploymentPostprocessing = 0;
		};
/* End PBXResourcesBuildPhase section */

/* Begin PBXSourcesBuildPhase section */
		7035FBB728C620C6005C7C9A /* Sources */ = {
			isa = PBXSourcesBuildPhase;
			buildActionMask = 2147483647;
			files = (
				7035FBC628C620C6005C7C9A /* ViewController.m in Sources */,
				7035FBC028C620C6005C7C9A /* AppDelegate.mm in Sources */,
				7035FBD128C620C8005C7C9A /* main.m in Sources */,
				7035FBC328C620C6005C7C9A /* SceneDelegate.m in Sources */,
			);
			runOnlyForDeploymentPostprocessing = 0;
		};
		7035FBD228C620C8005C7C9A /* Sources */ = {
			isa = PBXSourcesBuildPhase;
			buildActionMask = 2147483647;
			files = (
				7035FBDB28C620C8005C7C9A /* DemoTests.m in Sources */,
			);
			runOnlyForDeploymentPostprocessing = 0;
		};
		7035FBDC28C620C8005C7C9A /* Sources */ = {
			isa = PBXSourcesBuildPhase;
			buildActionMask = 2147483647;
			files = (
				7035FBE528C620C8005C7C9A /* DemoUITests.m in Sources */,
				7035FBE728C620C8005C7C9A /* DemoUITestsLaunchTests.m in Sources */,
			);
			runOnlyForDeploymentPostprocessing = 0;
		};
/* End PBXSourcesBuildPhase section */

/* Begin PBXTargetDependency section */
		7035FBD828C620C8005C7C9A /* PBXTargetDependency */ = {
			isa = PBXTargetDependency;
			target = 7035FBBA28C620C6005C7C9A /* Demo */;
			targetProxy = 7035FBD728C620C8005C7C9A /* PBXContainerItemProxy */;
		};
		7035FBE228C620C8005C7C9A /* PBXTargetDependency */ = {
			isa = PBXTargetDependency;
			target = 7035FBBA28C620C6005C7C9A /* Demo */;
			targetProxy = 7035FBE128C620C8005C7C9A /* PBXContainerItemProxy */;
		};
/* End PBXTargetDependency section */

/* Begin PBXVariantGroup section */
		7035FBC728C620C6005C7C9A /* Main.storyboard */ = {
			isa = PBXVariantGroup;
			children = (
				7035FBC828C620C6005C7C9A /* Base */,
			);
			name = Main.storyboard;
			sourceTree = "<group>";
		};
		7035FBCC28C620C8005C7C9A /* LaunchScreen.storyboard */ = {
			isa = PBXVariantGroup;
			children = (
				7035FBCD28C620C8005C7C9A /* Base */,
			);
			name = LaunchScreen.storyboard;
			sourceTree = "<group>";
		};
/* End PBXVariantGroup section */

/* Begin XCBuildConfiguration section */
		7035FBE828C620C8005C7C9A /* Debug */ = {
			isa = XCBuildConfiguration;
			buildSettings = {
				ALWAYS_SEARCH_USER_PATHS = NO;
				CLANG_ANALYZER_NONNULL = YES;
				CLANG_ANALYZER_NUMBER_OBJECT_CONVERSION = YES_AGGRESSIVE;
				CLANG_CXX_LANGUAGE_STANDARD = "gnu++17";
				CLANG_ENABLE_MODULES = YES;
				CLANG_ENABLE_OBJC_ARC = YES;
				CLANG_ENABLE_OBJC_WEAK = YES;
				CLANG_WARN_BLOCK_CAPTURE_AUTORELEASING = YES;
				CLANG_WARN_BOOL_CONVERSION = YES;
				CLANG_WARN_COMMA = YES;
				CLANG_WARN_CONSTANT_CONVERSION = YES;
				CLANG_WARN_DEPRECATED_OBJC_IMPLEMENTATIONS = YES;
				CLANG_WARN_DIRECT_OBJC_ISA_USAGE = YES_ERROR;
				CLANG_WARN_DOCUMENTATION_COMMENTS = YES;
				CLANG_WARN_EMPTY_BODY = YES;
				CLANG_WARN_ENUM_CONVERSION = YES;
				CLANG_WARN_INFINITE_RECURSION = YES;
				CLANG_WARN_INT_CONVERSION = YES;
				CLANG_WARN_NON_LITERAL_NULL_CONVERSION = YES;
				CLANG_WARN_OBJC_IMPLICIT_RETAIN_SELF = YES;
				CLANG_WARN_OBJC_LITERAL_CONVERSION = YES;
				CLANG_WARN_OBJC_ROOT_CLASS = YES_ERROR;
				CLANG_WARN_QUOTED_INCLUDE_IN_FRAMEWORK_HEADER = YES;
				CLANG_WARN_RANGE_LOOP_ANALYSIS = YES;
				CLANG_WARN_STRICT_PROTOTYPES = YES;
				CLANG_WARN_SUSPICIOUS_MOVE = YES;
				CLANG_WARN_UNGUARDED_AVAILABILITY = YES_AGGRESSIVE;
				CLANG_WARN_UNREACHABLE_CODE = YES;
				CLANG_WARN__DUPLICATE_METHOD_MATCH = YES;
				COPY_PHASE_STRIP = NO;
				DEBUG_INFORMATION_FORMAT = dwarf;
				ENABLE_STRICT_OBJC_MSGSEND = YES;
				ENABLE_TESTABILITY = YES;
				GCC_C_LANGUAGE_STANDARD = gnu11;
				GCC_DYNAMIC_NO_PIC = NO;
				GCC_NO_COMMON_BLOCKS = YES;
				GCC_OPTIMIZATION_LEVEL = 0;
				GCC_PREPROCESSOR_DEFINITIONS = (
					"DEBUG=1",
					"$(inherited)",
				);
				GCC_WARN_64_TO_32_BIT_CONVERSION = YES;
				GCC_WARN_ABOUT_RETURN_TYPE = YES_ERROR;
				GCC_WARN_UNDECLARED_SELECTOR = YES;
				GCC_WARN_UNINITIALIZED_AUTOS = YES_AGGRESSIVE;
				GCC_WARN_UNUSED_FUNCTION = YES;
				GCC_WARN_UNUSED_VARIABLE = YES;
				IPHONEOS_DEPLOYMENT_TARGET = 15.5;
				MTL_ENABLE_DEBUG_INFO = INCLUDE_SOURCE;
				MTL_FAST_MATH = YES;
				ONLY_ACTIVE_ARCH = YES;
				SDKROOT = iphoneos;
			};
			name = Debug;
		};
		7035FBE928C620C8005C7C9A /* Release */ = {
			isa = XCBuildConfiguration;
			buildSettings = {
				ALWAYS_SEARCH_USER_PATHS = NO;
				CLANG_ANALYZER_NONNULL = YES;
				CLANG_ANALYZER_NUMBER_OBJECT_CONVERSION = YES_AGGRESSIVE;
				CLANG_CXX_LANGUAGE_STANDARD = "gnu++17";
				CLANG_ENABLE_MODULES = YES;
				CLANG_ENABLE_OBJC_ARC = YES;
				CLANG_ENABLE_OBJC_WEAK = YES;
				CLANG_WARN_BLOCK_CAPTURE_AUTORELEASING = YES;
				CLANG_WARN_BOOL_CONVERSION = YES;
				CLANG_WARN_COMMA = YES;
				CLANG_WARN_CONSTANT_CONVERSION = YES;
				CLANG_WARN_DEPRECATED_OBJC_IMPLEMENTATIONS = YES;
				CLANG_WARN_DIRECT_OBJC_ISA_USAGE = YES_ERROR;
				CLANG_WARN_DOCUMENTATION_COMMENTS = YES;
				CLANG_WARN_EMPTY_BODY = YES;
				CLANG_WARN_ENUM_CONVERSION = YES;
				CLANG_WARN_INFINITE_RECURSION = YES;
				CLANG_WARN_INT_CONVERSION = YES;
				CLANG_WARN_NON_LITERAL_NULL_CONVERSION = YES;
				CLANG_WARN_OBJC_IMPLICIT_RETAIN_SELF = YES;
				CLANG_WARN_OBJC_LITERAL_CONVERSION = YES;
				CLANG_WARN_OBJC_ROOT_CLASS = YES_ERROR;
				CLANG_WARN_QUOTED_INCLUDE_IN_FRAMEWORK_HEADER = YES;
				CLANG_WARN_RANGE_LOOP_ANALYSIS = YES;
				CLANG_WARN_STRICT_PROTOTYPES = YES;
				CLANG_WARN_SUSPICIOUS_MOVE = YES;
				CLANG_WARN_UNGUARDED_AVAILABILITY = YES_AGGRESSIVE;
				CLANG_WARN_UNREACHABLE_CODE = YES;
				CLANG_WARN__DUPLICATE_METHOD_MATCH = YES;
				COPY_PHASE_STRIP = NO;
				DEBUG_INFORMATION_FORMAT = "dwarf-with-dsym";
				ENABLE_NS_ASSERTIONS = NO;
				ENABLE_STRICT_OBJC_MSGSEND = YES;
				GCC_C_LANGUAGE_STANDARD = gnu11;
				GCC_NO_COMMON_BLOCKS = YES;
				GCC_WARN_64_TO_32_BIT_CONVERSION = YES;
				GCC_WARN_ABOUT_RETURN_TYPE = YES_ERROR;
				GCC_WARN_UNDECLARED_SELECTOR = YES;
				GCC_WARN_UNINITIALIZED_AUTOS = YES_AGGRESSIVE;
				GCC_WARN_UNUSED_FUNCTION = YES;
				GCC_WARN_UNUSED_VARIABLE = YES;
				IPHONEOS_DEPLOYMENT_TARGET = 15.5;
				MTL_ENABLE_DEBUG_INFO = NO;
				MTL_FAST_MATH = YES;
				SDKROOT = iphoneos;
				VALIDATE_PRODUCT = YES;
			};
			name = Release;
		};
		7035FBEB28C620C8005C7C9A /* Debug */ = {
			isa = XCBuildConfiguration;
			buildSettings = {
				ASSETCATALOG_COMPILER_APPICON_NAME = AppIcon;
				ASSETCATALOG_COMPILER_GLOBAL_ACCENT_COLOR_NAME = AccentColor;
				CODE_SIGN_STYLE = Automatic;
				CURRENT_PROJECT_VERSION = 1;
				DEVELOPMENT_TEAM = HUW3H8NBU9;
				GENERATE_INFOPLIST_FILE = YES;
				INFOPLIST_FILE = Demo/Info.plist;
				INFOPLIST_KEY_UIApplicationSupportsIndirectInputEvents = YES;
				INFOPLIST_KEY_UILaunchStoryboardName = LaunchScreen;
				INFOPLIST_KEY_UIMainStoryboardFile = Main;
				INFOPLIST_KEY_UISupportedInterfaceOrientations_iPad = "UIInterfaceOrientationPortrait UIInterfaceOrientationPortraitUpsideDown UIInterfaceOrientationLandscapeLeft UIInterfaceOrientationLandscapeRight";
				INFOPLIST_KEY_UISupportedInterfaceOrientations_iPhone = "UIInterfaceOrientationPortrait UIInterfaceOrientationLandscapeLeft UIInterfaceOrientationLandscapeRight";
				LD_RUNPATH_SEARCH_PATHS = (
					"$(inherited)",
					"@executable_path/Frameworks",
				);
				MARKETING_VERSION = 1.0;
				PRODUCT_BUNDLE_IDENTIFIER = com.youdao.netease.Demo;
				PRODUCT_NAME = "$(TARGET_NAME)";
				SWIFT_EMIT_LOC_STRINGS = YES;
				TARGETED_DEVICE_FAMILY = "1,2";
			};
			name = Debug;
		};
		7035FBEC28C620C8005C7C9A /* Release */ = {
			isa = XCBuildConfiguration;
			buildSettings = {
				ASSETCATALOG_COMPILER_APPICON_NAME = AppIcon;
				ASSETCATALOG_COMPILER_GLOBAL_ACCENT_COLOR_NAME = AccentColor;
				CODE_SIGN_STYLE = Automatic;
				CURRENT_PROJECT_VERSION = 1;
				DEVELOPMENT_TEAM = HUW3H8NBU9;
				GENERATE_INFOPLIST_FILE = YES;
				INFOPLIST_FILE = Demo/Info.plist;
				INFOPLIST_KEY_UIApplicationSupportsIndirectInputEvents = YES;
				INFOPLIST_KEY_UILaunchStoryboardName = LaunchScreen;
				INFOPLIST_KEY_UIMainStoryboardFile = Main;
				INFOPLIST_KEY_UISupportedInterfaceOrientations_iPad = "UIInterfaceOrientationPortrait UIInterfaceOrientationPortraitUpsideDown UIInterfaceOrientationLandscapeLeft UIInterfaceOrientationLandscapeRight";
				INFOPLIST_KEY_UISupportedInterfaceOrientations_iPhone = "UIInterfaceOrientationPortrait UIInterfaceOrientationLandscapeLeft UIInterfaceOrientationLandscapeRight";
				LD_RUNPATH_SEARCH_PATHS = (
					"$(inherited)",
					"@executable_path/Frameworks",
				);
				MARKETING_VERSION = 1.0;
				PRODUCT_BUNDLE_IDENTIFIER = com.youdao.netease.Demo;
				PRODUCT_NAME = "$(TARGET_NAME)";
				SWIFT_EMIT_LOC_STRINGS = YES;
				TARGETED_DEVICE_FAMILY = "1,2";
			};
			name = Release;
		};
		7035FBEE28C620C8005C7C9A /* Debug */ = {
			isa = XCBuildConfiguration;
			buildSettings = {
				BUNDLE_LOADER = "$(TEST_HOST)";
				CODE_SIGN_STYLE = Automatic;
				CURRENT_PROJECT_VERSION = 1;
				DEVELOPMENT_TEAM = HUW3H8NBU9;
				GENERATE_INFOPLIST_FILE = YES;
				IPHONEOS_DEPLOYMENT_TARGET = 15.5;
				MARKETING_VERSION = 1.0;
				PRODUCT_BUNDLE_IDENTIFIER = com.youdao.netease.DemoTests;
				PRODUCT_NAME = "$(TARGET_NAME)";
				SWIFT_EMIT_LOC_STRINGS = NO;
				TARGETED_DEVICE_FAMILY = "1,2";
				TEST_HOST = "$(BUILT_PRODUCTS_DIR)/Demo.app/Demo";
			};
			name = Debug;
		};
		7035FBEF28C620C8005C7C9A /* Release */ = {
			isa = XCBuildConfiguration;
			buildSettings = {
				BUNDLE_LOADER = "$(TEST_HOST)";
				CODE_SIGN_STYLE = Automatic;
				CURRENT_PROJECT_VERSION = 1;
				DEVELOPMENT_TEAM = HUW3H8NBU9;
				GENERATE_INFOPLIST_FILE = YES;
				IPHONEOS_DEPLOYMENT_TARGET = 15.5;
				MARKETING_VERSION = 1.0;
				PRODUCT_BUNDLE_IDENTIFIER = com.youdao.netease.DemoTests;
				PRODUCT_NAME = "$(TARGET_NAME)";
				SWIFT_EMIT_LOC_STRINGS = NO;
				TARGETED_DEVICE_FAMILY = "1,2";
				TEST_HOST = "$(BUILT_PRODUCTS_DIR)/Demo.app/Demo";
			};
			name = Release;
		};
		7035FBF128C620C8005C7C9A /* Debug */ = {
			isa = XCBuildConfiguration;
			buildSettings = {
				CODE_SIGN_STYLE = Automatic;
				CURRENT_PROJECT_VERSION = 1;
				DEVELOPMENT_TEAM = HUW3H8NBU9;
				GENERATE_INFOPLIST_FILE = YES;
				MARKETING_VERSION = 1.0;
				PRODUCT_BUNDLE_IDENTIFIER = com.youdao.netease.DemoUITests;
				PRODUCT_NAME = "$(TARGET_NAME)";
				SWIFT_EMIT_LOC_STRINGS = NO;
				TARGETED_DEVICE_FAMILY = "1,2";
				TEST_TARGET_NAME = Demo;
			};
			name = Debug;
		};
		7035FBF228C620C8005C7C9A /* Release */ = {
			isa = XCBuildConfiguration;
			buildSettings = {
				CODE_SIGN_STYLE = Automatic;
				CURRENT_PROJECT_VERSION = 1;
				DEVELOPMENT_TEAM = HUW3H8NBU9;
				GENERATE_INFOPLIST_FILE = YES;
				MARKETING_VERSION = 1.0;
				PRODUCT_BUNDLE_IDENTIFIER = com.youdao.netease.DemoUITests;
				PRODUCT_NAME = "$(TARGET_NAME)";
				SWIFT_EMIT_LOC_STRINGS = NO;
				TARGETED_DEVICE_FAMILY = "1,2";
				TEST_TARGET_NAME = Demo;
			};
			name = Release;
		};
/* End XCBuildConfiguration section */

/* Begin XCConfigurationList section */
		7035FBB628C620C6005C7C9A /* Build configuration list for PBXProject "Demo" */ = {
			isa = XCConfigurationList;
			buildConfigurations = (
				7035FBE828C620C8005C7C9A /* Debug */,
				7035FBE928C620C8005C7C9A /* Release */,
			);
			defaultConfigurationIsVisible = 0;
			defaultConfigurationName = Release;
		};
		7035FBEA28C620C8005C7C9A /* Build configuration list for PBXNativeTarget "Demo" */ = {
			isa = XCConfigurationList;
			buildConfigurations = (
				7035FBEB28C620C8005C7C9A /* Debug */,
				7035FBEC28C620C8005C7C9A /* Release */,
			);
			defaultConfigurationIsVisible = 0;
			defaultConfigurationName = Release;
		};
		7035FBED28C620C8005C7C9A /* Build configuration list for PBXNativeTarget "DemoTests" */ = {
			isa = XCConfigurationList;
			buildConfigurations = (
				7035FBEE28C620C8005C7C9A /* Debug */,
				7035FBEF28C620C8005C7C9A /* Release */,
			);
			defaultConfigurationIsVisible = 0;
			defaultConfigurationName = Release;
		};
		7035FBF028C620C8005C7C9A /* Build configuration list for PBXNativeTarget "DemoUITests" */ = {
			isa = XCConfigurationList;
			buildConfigurations = (
				7035FBF128C620C8005C7C9A /* Debug */,
				7035FBF228C620C8005C7C9A /* Release */,
			);
			defaultConfigurationIsVisible = 0;
			defaultConfigurationName = Release;
		};
/* End XCConfigurationList section */
	};
	rootObject = 7035FBB328C620C6005C7C9A /* Project object */;
}
